
Microsoft Visual Studio Solution File, Format Version 12.00
# Visual Studio Version 17
VisualStudioVersion = 17.13.35913.81 d17.13
MinimumVisualStudioVersion = 10.0.40219.1
Project("{FAE04EC0-301F-11D3-BF4B-00C04F79EFBC}") = "ContactList", "ContactList.csproj", "{A925521D-59E4-40EF-BB91-A168A673C438}"
EndProject
Global
	GlobalSection(SolutionConfigurationPlatforms) = preSolution
		Debug|Any CPU = Debug|Any CPU
		Release|Any CPU = Release|Any CPU
	EndGlobalSection
	GlobalSection(ProjectConfigurationPlatforms) = postSolution
		{A925521D-59E4-40EF-BB91-A168A673C438}.Debug|Any CPU.ActiveCfg = Debug|Any CPU
		{A925521D-59E4-40EF-BB91-A168A673C438}.Debug|Any CPU.Build.0 = Debug|Any CPU
		{A925521D-59E4-40EF-BB91-A168A673C438}.Release|Any CPU.ActiveCfg = Release|Any CPU
		{A925521D-59E4-40EF-BB91-A168A673C438}.Release|Any CPU.Build.0 = Release|Any CPU
	EndGlobalSection
	GlobalSection(SolutionProperties) = preSolution
		HideSolutionNode = FALSE
	EndGlobalSection
	GlobalSection(ExtensibilityGlobals) = postSolution
		SolutionGuid = {784FC7CE-3E50-4735-9841-8E22AB4410DB}
	EndGlobalSection
EndGlobal
